
Microsoft Visual Studio Solution File, Format Version 12.00
# Visual Studio Version 16
VisualStudioVersion = 16.0.29215.179
MinimumVisualStudioVersion = 10.0.40219.1
Project("{FAE04EC0-301F-11D3-BF4B-00C04F79EFBC}") = "IEspeed", "IEspeed\IEspeed.csproj", "{368FC55D-F9A0-49DF-895A-D171705BAD71}"
EndProject
Project("{FAE04EC0-301F-11D3-BF4B-00C04F79EFBC}") = "IEspeedLibrary", "IEspeedLibrary\IEspeedLibrary.csproj", "{1535D069-77CE-44A5-A024-1E719E4EB736}"
EndProject
Global
	GlobalSection(SolutionConfigurationPlatforms) = preSolution
		Debug|Any CPU = Debug|Any CPU
		Debug|x64 = Debug|x64
		Release|Any CPU = Release|Any CPU
		Release|x64 = Release|x64
	EndGlobalSection
	GlobalSection(ProjectConfigurationPlatforms) = postSolution
		{368FC55D-F9A0-49DF-895A-D171705BAD71}.Debug|Any CPU.ActiveCfg = Debug|Any CPU
		{368FC55D-F9A0-49DF-895A-D171705BAD71}.Debug|Any CPU.Build.0 = Debug|Any CPU
		{368FC55D-F9A0-49DF-895A-D171705BAD71}.Debug|x64.ActiveCfg = Debug|x64
		{368FC55D-F9A0-49DF-895A-D171705BAD71}.Debug|x64.Build.0 = Debug|x64
		{368FC55D-F9A0-49DF-895A-D171705BAD71}.Release|Any CPU.ActiveCfg = Release|Any CPU
		{368FC55D-F9A0-49DF-895A-D171705BAD71}.Release|Any CPU.Build.0 = Release|Any CPU
		{368FC55D-F9A0-49DF-895A-D171705BAD71}.Release|x64.ActiveCfg = Release|x64
		{368FC55D-F9A0-49DF-895A-D171705BAD71}.Release|x64.Build.0 = Release|x64
		{1535D069-77CE-44A5-A024-1E719E4EB736}.Debug|Any CPU.ActiveCfg = Debug|Any CPU
		{1535D069-77CE-44A5-A024-1E719E4EB736}.Debug|Any CPU.Build.0 = Debug|Any CPU
		{1535D069-77CE-44A5-A024-1E719E4EB736}.Debug|x64.ActiveCfg = Debug|x64
		{1535D069-77CE-44A5-A024-1E719E4EB736}.Debug|x64.Build.0 = Debug|x64
		{1535D069-77CE-44A5-A024-1E719E4EB736}.Release|Any CPU.ActiveCfg = Release|Any CPU
		{1535D069-77CE-44A5-A024-1E719E4EB736}.Release|Any CPU.Build.0 = Release|Any CPU
		{1535D069-77CE-44A5-A024-1E719E4EB736}.Release|x64.ActiveCfg = Release|x64
		{1535D069-77CE-44A5-A024-1E719E4EB736}.Release|x64.Build.0 = Release|x64
	EndGlobalSection
	GlobalSection(SolutionProperties) = preSolution
		HideSolutionNode = FALSE
	EndGlobalSection
	GlobalSection(ExtensibilityGlobals) = postSolution
		SolutionGuid = {2CCAF093-89A7-4EF4-AEB0-F92A6DB9B61B}
	EndGlobalSection
EndGlobal
